
Microsoft Visual Studio Solution File, Format Version 12.00
# Visual Studio 15
VisualStudioVersion = 15.0.26403.7
MinimumVisualStudioVersion = 10.0.40219.1
Project("{FAE04EC0-301F-11D3-BF4B-00C04F79EFBC}") = "DefectTracker.DataAccessLayer", "DefectTrackerDataAccessLayer\DefectTracker.DataAccessLayer.csproj", "{5253FBA7-5248-45E2-9D38-F0A3CA0848EC}"
EndProject
Project("{FAE04EC0-301F-11D3-BF4B-00C04F79EFBC}") = "DefectTracker.Models", "DefectTracker.Models\DefectTracker.Models.csproj", "{0D34805D-DB92-46AF-9904-7AEF0C79D4D7}"
EndProject
Project("{FAE04EC0-301F-11D3-BF4B-00C04F79EFBC}") = "DefectTrackerModels.Interface", "DefectTrackerModels.Interface\DefectTrackerModels.Interface.csproj", "{4D9AE10D-2D19-4017-A4B4-CB117AD66A51}"
EndProject
Project("{FAE04EC0-301F-11D3-BF4B-00C04F79EFBC}") = "DefectTracker.UI", "DefectTracker.UI\DefectTracker.UI.csproj", "{83DBBDDE-37FF-4567-9F12-EF77FEBF68D8}"
EndProject
Project("{FAE04EC0-301F-11D3-BF4B-00C04F79EFBC}") = "DefectTracker.Utilities", "DefectTracker.Utilities\DefectTracker.Utilities.csproj", "{C4D48E23-993A-4AA4-AA42-1A24741E4D8D}"
EndProject
Global
	GlobalSection(SolutionConfigurationPlatforms) = preSolution
		Debug|Any CPU = Debug|Any CPU
		Release|Any CPU = Release|Any CPU
	EndGlobalSection
	GlobalSection(ProjectConfigurationPlatforms) = postSolution
		{5253FBA7-5248-45E2-9D38-F0A3CA0848EC}.Debug|Any CPU.ActiveCfg = Debug|Any CPU
		{5253FBA7-5248-45E2-9D38-F0A3CA0848EC}.Debug|Any CPU.Build.0 = Debug|Any CPU
		{5253FBA7-5248-45E2-9D38-F0A3CA0848EC}.Release|Any CPU.ActiveCfg = Release|Any CPU
		{5253FBA7-5248-45E2-9D38-F0A3CA0848EC}.Release|Any CPU.Build.0 = Release|Any CPU
		{0D34805D-DB92-46AF-9904-7AEF0C79D4D7}.Debug|Any CPU.ActiveCfg = Debug|Any CPU
		{0D34805D-DB92-46AF-9904-7AEF0C79D4D7}.Debug|Any CPU.Build.0 = Debug|Any CPU
		{0D34805D-DB92-46AF-9904-7AEF0C79D4D7}.Release|Any CPU.ActiveCfg = Release|Any CPU
		{0D34805D-DB92-46AF-9904-7AEF0C79D4D7}.Release|Any CPU.Build.0 = Release|Any CPU
		{4D9AE10D-2D19-4017-A4B4-CB117AD66A51}.Debug|Any CPU.ActiveCfg = Debug|Any CPU
		{4D9AE10D-2D19-4017-A4B4-CB117AD66A51}.Debug|Any CPU.Build.0 = Debug|Any CPU
		{4D9AE10D-2D19-4017-A4B4-CB117AD66A51}.Release|Any CPU.ActiveCfg = Release|Any CPU
		{4D9AE10D-2D19-4017-A4B4-CB117AD66A51}.Release|Any CPU.Build.0 = Release|Any CPU
		{83DBBDDE-37FF-4567-9F12-EF77FEBF68D8}.Debug|Any CPU.ActiveCfg = Debug|Any CPU
		{83DBBDDE-37FF-4567-9F12-EF77FEBF68D8}.Debug|Any CPU.Build.0 = Debug|Any CPU
		{83DBBDDE-37FF-4567-9F12-EF77FEBF68D8}.Release|Any CPU.ActiveCfg = Release|Any CPU
		{83DBBDDE-37FF-4567-9F12-EF77FEBF68D8}.Release|Any CPU.Build.0 = Release|Any CPU
		{C4D48E23-993A-4AA4-AA42-1A24741E4D8D}.Debug|Any CPU.ActiveCfg = Debug|Any CPU
		{C4D48E23-993A-4AA4-AA42-1A24741E4D8D}.Debug|Any CPU.Build.0 = Debug|Any CPU
		{C4D48E23-993A-4AA4-AA42-1A24741E4D8D}.Release|Any CPU.ActiveCfg = Release|Any CPU
		{C4D48E23-993A-4AA4-AA42-1A24741E4D8D}.Release|Any CPU.Build.0 = Release|Any CPU
	EndGlobalSection
	GlobalSection(SolutionProperties) = preSolution
		HideSolutionNode = FALSE
	EndGlobalSection
	GlobalSection(ExtensibilityGlobals) = postSolution
		SolutionGuid = {3CE2A5C4-1A2C-48C7-89DA-B492F518AD30}
	EndGlobalSection
EndGlobal
